
Microsoft Visual Studio Solution File, Format Version 12.00
# Visual Studio 2012
Project("{8BC9CEB8-8B4A-11D0-8D11-00A0C91BC942}") = "opencv_camera_calibration", "opencv_camera_calibration\opencv_camera_calibration.vcxproj", "{BB254CE3-046F-4F6B-AAB8-1CC8FC00DDFB}"
EndProject
Global
	GlobalSection(SolutionConfigurationPlatforms) = preSolution
		Debug|Win32 = Debug|Win32
		Debug|x64 = Debug|x64
		Release|Win32 = Release|Win32
		Release|x64 = Release|x64
	EndGlobalSection
	GlobalSection(ProjectConfigurationPlatforms) = postSolution
		{BB254CE3-046F-4F6B-AAB8-1CC8FC00DDFB}.Debug|Win32.ActiveCfg = Debug|x64
		{BB254CE3-046F-4F6B-AAB8-1CC8FC00DDFB}.Debug|Win32.Build.0 = Debug|x64
		{BB254CE3-046F-4F6B-AAB8-1CC8FC00DDFB}.Debug|x64.ActiveCfg = Debug|x64
		{BB254CE3-046F-4F6B-AAB8-1CC8FC00DDFB}.Debug|x64.Build.0 = Debug|x64
		{BB254CE3-046F-4F6B-AAB8-1CC8FC00DDFB}.Release|Win32.ActiveCfg = Release|Win32
		{BB254CE3-046F-4F6B-AAB8-1CC8FC00DDFB}.Release|Win32.Build.0 = Release|Win32
		{BB254CE3-046F-4F6B-AAB8-1CC8FC00DDFB}.Release|x64.ActiveCfg = Release|x64
		{BB254CE3-046F-4F6B-AAB8-1CC8FC00DDFB}.Release|x64.Build.0 = Release|x64
	EndGlobalSection
	GlobalSection(SolutionProperties) = preSolution
		HideSolutionNode = FALSE
	EndGlobalSection
EndGlobal
